// !$*UTF8*$!
{
	archiveVersion = 1;
	classes = {
	};
	objectVersion = 52;
	objects = {

/* Begin PBXBuildFile section */
		172B104A262DC5A8002B826C /* scavenger_hunt_arApp.swift in Sources */ = {isa = PBXBuildFile; fileRef = 172B1049262DC5A8002B826C /* scavenger_hunt_arApp.swift */; };
		172B104C262DC5A8002B826C /* ContentView.swift in Sources */ = {isa = PBXBuildFile; fileRef = 172B104B262DC5A8002B826C /* ContentView.swift */; };
		172B104E262DC5A9002B826C /* Assets.xcassets in Resources */ = {isa = PBXBuildFile; fileRef = 172B104D262DC5A9002B826C /* Assets.xcassets */; };
		172B1051262DC5A9002B826C /* Preview Assets.xcassets in Resources */ = {isa = PBXBuildFile; fileRef = 172B1050262DC5A9002B826C /* Preview Assets.xcassets */; };
		172B105D262DC7C8002B826C /* GoogleService-Info.plist in Resources */ = {isa = PBXBuildFile; fileRef = 172B105C262DC7C8002B826C /* GoogleService-Info.plist */; };
		172B1061262DC97F002B826C /* FirebaseFirestore in Frameworks */ = {isa = PBXBuildFile; productRef = 172B1060262DC97F002B826C /* FirebaseFirestore */; };
		172B1063262DC97F002B826C /* FirebaseAppDistribution-Beta in Frameworks */ = {isa = PBXBuildFile; productRef = 172B1062262DC97F002B826C /* FirebaseAppDistribution-Beta */; };
		172B1065262DC97F002B826C /* FirebaseFirestoreSwift-Beta in Frameworks */ = {isa = PBXBuildFile; productRef = 172B1064262DC97F002B826C /* FirebaseFirestoreSwift-Beta */; };
		172B1067262DC97F002B826C /* FirebaseStorageSwift-Beta in Frameworks */ = {isa = PBXBuildFile; productRef = 172B1066262DC97F002B826C /* FirebaseStorageSwift-Beta */; };
		172B1069262DC97F002B826C /* FirebaseStorage in Frameworks */ = {isa = PBXBuildFile; productRef = 172B1068262DC97F002B826C /* FirebaseStorage */; };
		172B106B262DC97F002B826C /* FirebaseAuth in Frameworks */ = {isa = PBXBuildFile; productRef = 172B106A262DC97F002B826C /* FirebaseAuth */; };
		172B106D262DC97F002B826C /* FirebaseDynamicLinks in Frameworks */ = {isa = PBXBuildFile; productRef = 172B106C262DC97F002B826C /* FirebaseDynamicLinks */; };
		1B1178DE262E091A000E8CE4 /* Storyboard.storyboard in Resources */ = {isa = PBXBuildFile; fileRef = 1B1178DD262E091A000E8CE4 /* Storyboard.storyboard */; };
		1B1178E1262E0942000E8CE4 /* GameKit.framework in Frameworks */ = {isa = PBXBuildFile; fileRef = 1B1178E0262E0942000E8CE4 /* GameKit.framework */; };
		1B1178E5262E0A99000E8CE4 /* ViewController.swift in Sources */ = {isa = PBXBuildFile; fileRef = 1B1178E4262E0A99000E8CE4 /* ViewController.swift */; };
/* End PBXBuildFile section */

/* Begin PBXFileReference section */
		172B1046262DC5A8002B826C /* scavenger hunt ar.app */ = {isa = PBXFileReference; explicitFileType = wrapper.application; includeInIndex = 0; path = "scavenger hunt ar.app"; sourceTree = BUILT_PRODUCTS_DIR; };
		172B1049262DC5A8002B826C /* scavenger_hunt_arApp.swift */ = {isa = PBXFileReference; lastKnownFileType = sourcecode.swift; path = scavenger_hunt_arApp.swift; sourceTree = "<group>"; };
		172B104B262DC5A8002B826C /* ContentView.swift */ = {isa = PBXFileReference; lastKnownFileType = sourcecode.swift; path = ContentView.swift; sourceTree = "<group>"; };
		172B104D262DC5A9002B826C /* Assets.xcassets */ = {isa = PBXFileReference; lastKnownFileType = folder.assetcatalog; path = Assets.xcassets; sourceTree = "<group>"; };
		172B1050262DC5A9002B826C /* Preview Assets.xcassets */ = {isa = PBXFileReference; lastKnownFileType = folder.assetcatalog; path = "Preview Assets.xcassets"; sourceTree = "<group>"; };
		172B1052262DC5A9002B826C /* Info.plist */ = {isa = PBXFileReference; lastKnownFileType = text.plist.xml; path = Info.plist; sourceTree = "<group>"; };
		172B105C262DC7C8002B826C /* GoogleService-Info.plist */ = {isa = PBXFileReference; fileEncoding = 4; lastKnownFileType = text.plist.xml; path = "GoogleService-Info.plist"; sourceTree = "<group>"; };
		1B1178DD262E091A000E8CE4 /* Storyboard.storyboard */ = {isa = PBXFileReference; lastKnownFileType = file.storyboard; path = Storyboard.storyboard; sourceTree = "<group>"; };
		1B1178E0262E0942000E8CE4 /* GameKit.framework */ = {isa = PBXFileReference; lastKnownFileType = wrapper.framework; name = GameKit.framework; path = System/Library/Frameworks/GameKit.framework; sourceTree = SDKROOT; };
		1B1178E4262E0A99000E8CE4 /* ViewController.swift */ = {isa = PBXFileReference; lastKnownFileType = sourcecode.swift; path = ViewController.swift; sourceTree = "<group>"; };
/* End PBXFileReference section */

/* Begin PBXFrameworksBuildPhase section */
		172B1043262DC5A8002B826C /* Frameworks */ = {
			isa = PBXFrameworksBuildPhase;
			buildActionMask = 2147483647;
			files = (
				172B1065262DC97F002B826C /* FirebaseFirestoreSwift-Beta in Frameworks */,
				172B106B262DC97F002B826C /* FirebaseAuth in Frameworks */,
				172B1067262DC97F002B826C /* FirebaseStorageSwift-Beta in Frameworks */,
				172B1061262DC97F002B826C /* FirebaseFirestore in Frameworks */,
				172B1069262DC97F002B826C /* FirebaseStorage in Frameworks */,
				172B106D262DC97F002B826C /* FirebaseDynamicLinks in Frameworks */,
				172B1063262DC97F002B826C /* FirebaseAppDistribution-Beta in Frameworks */,
				1B1178E1262E0942000E8CE4 /* GameKit.framework in Frameworks */,
			);
			runOnlyForDeploymentPostprocessing = 0;
		};
/* End PBXFrameworksBuildPhase section */

/* Begin PBXGroup section */
		172B103D262DC5A8002B826C = {
			isa = PBXGroup;
			children = (
				172B1048262DC5A8002B826C /* scavenger hunt ar */,
				172B1047262DC5A8002B826C /* Products */,
				1B1178DF262E0942000E8CE4 /* Frameworks */,
			);
			sourceTree = "<group>";
		};
		172B1047262DC5A8002B826C /* Products */ = {
			isa = PBXGroup;
			children = (
				172B1046262DC5A8002B826C /* scavenger hunt ar.app */,
			);
			name = Products;
			sourceTree = "<group>";
		};
		172B1048262DC5A8002B826C /* scavenger hunt ar */ = {
			isa = PBXGroup;
			children = (
				172B1049262DC5A8002B826C /* scavenger_hunt_arApp.swift */,
				172B104B262DC5A8002B826C /* ContentView.swift */,
				1B1178DD262E091A000E8CE4 /* Storyboard.storyboard */,
				1B1178E4262E0A99000E8CE4 /* ViewController.swift */,
				172B104D262DC5A9002B826C /* Assets.xcassets */,
				172B1052262DC5A9002B826C /* Info.plist */,
				172B105C262DC7C8002B826C /* GoogleService-Info.plist */,
				172B104F262DC5A9002B826C /* Preview Content */,
			);
			path = "scavenger hunt ar";
			sourceTree = "<group>";
		};
		172B104F262DC5A9002B826C /* Preview Content */ = {
			isa = PBXGroup;
			children = (
				172B1050262DC5A9002B826C /* Preview Assets.xcassets */,
			);
			path = "Preview Content";
			sourceTree = "<group>";
		};
		1B1178DF262E0942000E8CE4 /* Frameworks */ = {
			isa = PBXGroup;
			children = (
				1B1178E0262E0942000E8CE4 /* GameKit.framework */,
			);
			name = Frameworks;
			sourceTree = "<group>";
		};
/* End PBXGroup section */

/* Begin PBXNativeTarget section */
		172B1045262DC5A8002B826C /* scavenger hunt ar */ = {
			isa = PBXNativeTarget;
			buildConfigurationList = 172B1055262DC5A9002B826C /* Build configuration list for PBXNativeTarget "scavenger hunt ar" */;
			buildPhases = (
				172B1042262DC5A8002B826C /* Sources */,
				172B1043262DC5A8002B826C /* Frameworks */,
				172B1044262DC5A8002B826C /* Resources */,
			);
			buildRules = (
			);
			dependencies = (
			);
			name = "scavenger hunt ar";
			packageProductDependencies = (
				172B1060262DC97F002B826C /* FirebaseFirestore */,
				172B1062262DC97F002B826C /* FirebaseAppDistribution-Beta */,
				172B1064262DC97F002B826C /* FirebaseFirestoreSwift-Beta */,
				172B1066262DC97F002B826C /* FirebaseStorageSwift-Beta */,
				172B1068262DC97F002B826C /* FirebaseStorage */,
				172B106A262DC97F002B826C /* FirebaseAuth */,
				172B106C262DC97F002B826C /* FirebaseDynamicLinks */,
			);
			productName = "scavenger hunt ar";
			productReference = 172B1046262DC5A8002B826C /* scavenger hunt ar.app */;
			productType = "com.apple.product-type.application";
		};
/* End PBXNativeTarget section */

/* Begin PBXProject section */
		172B103E262DC5A8002B826C /* Project object */ = {
			isa = PBXProject;
			attributes = {
				LastSwiftUpdateCheck = 1240;
				LastUpgradeCheck = 1240;
				TargetAttributes = {
					172B1045262DC5A8002B826C = {
						CreatedOnToolsVersion = 12.4;
					};
				};
			};
			buildConfigurationList = 172B1041262DC5A8002B826C /* Build configuration list for PBXProject "scavenger hunt ar" */;
			compatibilityVersion = "Xcode 9.3";
			developmentRegion = en;
			hasScannedForEncodings = 0;
			knownRegions = (
				en,
				Base,
			);
			mainGroup = 172B103D262DC5A8002B826C;
			packageReferences = (
				172B105F262DC97F002B826C /* XCRemoteSwiftPackageReference "firebase-ios-sdk" */,
			);
			productRefGroup = 172B1047262DC5A8002B826C /* Products */;
			projectDirPath = "";
			projectRoot = "";
			targets = (
				172B1045262DC5A8002B826C /* scavenger hunt ar */,
			);
		};
/* End PBXProject section */

/* Begin PBXResourcesBuildPhase section */
		172B1044262DC5A8002B826C /* Resources */ = {
			isa = PBXResourcesBuildPhase;
			buildActionMask = 2147483647;
			files = (
				172B1051262DC5A9002B826C /* Preview Assets.xcassets in Resources */,
				1B1178DE262E091A000E8CE4 /* Storyboard.storyboard in Resources */,
				172B104E262DC5A9002B826C /* Assets.xcassets in Resources */,
				172B105D262DC7C8002B826C /* GoogleService-Info.plist in Resources */,
			);
			runOnlyForDeploymentPostprocessing = 0;
		};
/* End PBXResourcesBuildPhase section */

/* Begin PBXSourcesBuildPhase section */
		172B1042262DC5A8002B826C /* Sources */ = {
			isa = PBXSourcesBuildPhase;
			buildActionMask = 2147483647;
			files = (
				1B1178E5262E0A99000E8CE4 /* ViewController.swift in Sources */,
				172B104C262DC5A8002B826C /* ContentView.swift in Sources */,
				172B104A262DC5A8002B826C /* scavenger_hunt_arApp.swift in Sources */,
			);
			runOnlyForDeploymentPostprocessing = 0;
		};
/* End PBXSourcesBuildPhase section */

/* Begin XCBuildConfiguration section */
		172B1053262DC5A9002B826C /* Debug */ = {
			isa = XCBuildConfiguration;
			buildSettings = {
				ALWAYS_SEARCH_USER_PATHS = NO;
				CLANG_ANALYZER_NONNULL = YES;
				CLANG_ANALYZER_NUMBER_OBJECT_CONVERSION = YES_AGGRESSIVE;
				CLANG_CXX_LANGUAGE_STANDARD = "gnu++14";
				CLANG_CXX_LIBRARY = "libc++";
				CLANG_ENABLE_MODULES = YES;
				CLANG_ENABLE_OBJC_ARC = YES;
				CLANG_ENABLE_OBJC_WEAK = YES;
				CLANG_WARN_BLOCK_CAPTURE_AUTORELEASING = YES;
				CLANG_WARN_BOOL_CONVERSION = YES;
				CLANG_WARN_COMMA = YES;
				CLANG_WARN_CONSTANT_CONVERSION = YES;
				CLANG_WARN_DEPRECATED_OBJC_IMPLEMENTATIONS = YES;
				CLANG_WARN_DIRECT_OBJC_ISA_USAGE = YES_ERROR;
				CLANG_WARN_DOCUMENTATION_COMMENTS = YES;
				CLANG_WARN_EMPTY_BODY = YES;
				CLANG_WARN_ENUM_CONVERSION = YES;
				CLANG_WARN_INFINITE_RECURSION = YES;
				CLANG_WARN_INT_CONVERSION = YES;
				CLANG_WARN_NON_LITERAL_NULL_CONVERSION = YES;
				CLANG_WARN_OBJC_IMPLICIT_RETAIN_SELF = YES;
				CLANG_WARN_OBJC_LITERAL_CONVERSION = YES;
				CLANG_WARN_OBJC_ROOT_CLASS = YES_ERROR;
				CLANG_WARN_QUOTED_INCLUDE_IN_FRAMEWORK_HEADER = YES;
				CLANG_WARN_RANGE_LOOP_ANALYSIS = YES;
				CLANG_WARN_STRICT_PROTOTYPES = YES;
				CLANG_WARN_SUSPICIOUS_MOVE = YES;
				CLANG_WARN_UNGUARDED_AVAILABILITY = YES_AGGRESSIVE;
				CLANG_WARN_UNREACHABLE_CODE = YES;
				CLANG_WARN__DUPLICATE_METHOD_MATCH = YES;
				COPY_PHASE_STRIP = NO;
				DEBUG_INFORMATION_FORMAT = dwarf;
				ENABLE_STRICT_OBJC_MSGSEND = YES;
				ENABLE_TESTABILITY = YES;
				GCC_C_LANGUAGE_STANDARD = gnu11;
				GCC_DYNAMIC_NO_PIC = NO;
				GCC_NO_COMMON_BLOCKS = YES;
				GCC_OPTIMIZATION_LEVEL = 0;
				GCC_PREPROCESSOR_DEFINITIONS = (
					"DEBUG=1",
					"$(inherited)",
				);
				GCC_WARN_64_TO_32_BIT_CONVERSION = YES;
				GCC_WARN_ABOUT_RETURN_TYPE = YES_ERROR;
				GCC_WARN_UNDECLARED_SELECTOR = YES;
				GCC_WARN_UNINITIALIZED_AUTOS = YES_AGGRESSIVE;
				GCC_WARN_UNUSED_FUNCTION = YES;
				GCC_WARN_UNUSED_VARIABLE = YES;
				IPHONEOS_DEPLOYMENT_TARGET = 14.4;
				MTL_ENABLE_DEBUG_INFO = INCLUDE_SOURCE;
				MTL_FAST_MATH = YES;
				ONLY_ACTIVE_ARCH = YES;
				SDKROOT = iphoneos;
				SWIFT_ACTIVE_COMPILATION_CONDITIONS = DEBUG;
				SWIFT_OPTIMIZATION_LEVEL = "-Onone";
			};
			name = Debug;
		};
		172B1054262DC5A9002B826C /* Release */ = {
			isa = XCBuildConfiguration;
			buildSettings = {
				ALWAYS_SEARCH_USER_PATHS = NO;
				CLANG_ANALYZER_NONNULL = YES;
				CLANG_ANALYZER_NUMBER_OBJECT_CONVERSION = YES_AGGRESSIVE;
				CLANG_CXX_LANGUAGE_STANDARD = "gnu++14";
				CLANG_CXX_LIBRARY = "libc++";
				CLANG_ENABLE_MODULES = YES;
				CLANG_ENABLE_OBJC_ARC = YES;
				CLANG_ENABLE_OBJC_WEAK = YES;
				CLANG_WARN_BLOCK_CAPTURE_AUTORELEASING = YES;
				CLANG_WARN_BOOL_CONVERSION = YES;
				CLANG_WARN_COMMA = YES;
				CLANG_WARN_CONSTANT_CONVERSION = YES;
				CLANG_WARN_DEPRECATED_OBJC_IMPLEMENTATIONS = YES;
				CLANG_WARN_DIRECT_OBJC_ISA_USAGE = YES_ERROR;
				CLANG_WARN_DOCUMENTATION_COMMENTS = YES;
				CLANG_WARN_EMPTY_BODY = YES;
				CLANG_WARN_ENUM_CONVERSION = YES;
				CLANG_WARN_INFINITE_RECURSION = YES;
				CLANG_WARN_INT_CONVERSION = YES;
				CLANG_WARN_NON_LITERAL_NULL_CONVERSION = YES;
				CLANG_WARN_OBJC_IMPLICIT_RETAIN_SELF = YES;
				CLANG_WARN_OBJC_LITERAL_CONVERSION = YES;
				CLANG_WARN_OBJC_ROOT_CLASS = YES_ERROR;
				CLANG_WARN_QUOTED_INCLUDE_IN_FRAMEWORK_HEADER = YES;
				CLANG_WARN_RANGE_LOOP_ANALYSIS = YES;
				CLANG_WARN_STRICT_PROTOTYPES = YES;
				CLANG_WARN_SUSPICIOUS_MOVE = YES;
				CLANG_WARN_UNGUARDED_AVAILABILITY = YES_AGGRESSIVE;
				CLANG_WARN_UNREACHABLE_CODE = YES;
				CLANG_WARN__DUPLICATE_METHOD_MATCH = YES;
				COPY_PHASE_STRIP = NO;
				DEBUG_INFORMATION_FORMAT = "dwarf-with-dsym";
				ENABLE_NS_ASSERTIONS = NO;
				ENABLE_STRICT_OBJC_MSGSEND = YES;
				GCC_C_LANGUAGE_STANDARD = gnu11;
				GCC_NO_COMMON_BLOCKS = YES;
				GCC_WARN_64_TO_32_BIT_CONVERSION = YES;
				GCC_WARN_ABOUT_RETURN_TYPE = YES_ERROR;
				GCC_WARN_UNDECLARED_SELECTOR = YES;
				GCC_WARN_UNINITIALIZED_AUTOS = YES_AGGRESSIVE;
				GCC_WARN_UNUSED_FUNCTION = YES;
				GCC_WARN_UNUSED_VARIABLE = YES;
				IPHONEOS_DEPLOYMENT_TARGET = 14.4;
				MTL_ENABLE_DEBUG_INFO = NO;
				MTL_FAST_MATH = YES;
				SDKROOT = iphoneos;
				SWIFT_COMPILATION_MODE = wholemodule;
				SWIFT_OPTIMIZATION_LEVEL = "-O";
				VALIDATE_PRODUCT = YES;
			};
			name = Release;
		};
		172B1056262DC5A9002B826C /* Debug */ = {
			isa = XCBuildConfiguration;
			buildSettings = {
				ASSETCATALOG_COMPILER_APPICON_NAME = AppIcon;
				ASSETCATALOG_COMPILER_GLOBAL_ACCENT_COLOR_NAME = AccentColor;
				CODE_SIGN_STYLE = Automatic;
				DEVELOPMENT_ASSET_PATHS = "\"scavenger hunt ar/Preview Content\"";
				ENABLE_PREVIEWS = YES;
				INFOPLIST_FILE = "scavenger hunt ar/Info.plist";
				IPHONEOS_DEPLOYMENT_TARGET = 14.0;
				LD_RUNPATH_SEARCH_PATHS = (
					"$(inherited)",
					"@executable_path/Frameworks",
				);
				PRODUCT_BUNDLE_IDENTIFIER = "jrmyphlmn.scavenger-hunt-ar";
				PRODUCT_NAME = "$(TARGET_NAME)";
				SWIFT_VERSION = 5.0;
				TARGETED_DEVICE_FAMILY = "1,2";
			};
			name = Debug;
		};
		172B1057262DC5A9002B826C /* Release */ = {
			isa = XCBuildConfiguration;
			buildSettings = {
				ASSETCATALOG_COMPILER_APPICON_NAME = AppIcon;
				ASSETCATALOG_COMPILER_GLOBAL_ACCENT_COLOR_NAME = AccentColor;
				CODE_SIGN_STYLE = Automatic;
				DEVELOPMENT_ASSET_PATHS = "\"scavenger hunt ar/Preview Content\"";
				ENABLE_PREVIEWS = YES;
				INFOPLIST_FILE = "scavenger hunt ar/Info.plist";
				IPHONEOS_DEPLOYMENT_TARGET = 14.0;
				LD_RUNPATH_SEARCH_PATHS = (
					"$(inherited)",
					"@executable_path/Frameworks",
				);
				PRODUCT_BUNDLE_IDENTIFIER = "jrmyphlmn.scavenger-hunt-ar";
				PRODUCT_NAME = "$(TARGET_NAME)";
				SWIFT_VERSION = 5.0;
				TARGETED_DEVICE_FAMILY = "1,2";
			};
			name = Release;
		};
/* End XCBuildConfiguration section */

/* Begin XCConfigurationList section */
		172B1041262DC5A8002B826C /* Build configuration list for PBXProject "scavenger hunt ar" */ = {
			isa = XCConfigurationList;
			buildConfigurations = (
				172B1053262DC5A9002B826C /* Debug */,
				172B1054262DC5A9002B826C /* Release */,
			);
			defaultConfigurationIsVisible = 0;
			defaultConfigurationName = Release;
		};
		172B1055262DC5A9002B826C /* Build configuration list for PBXNativeTarget "scavenger hunt ar" */ = {
			isa = XCConfigurationList;
			buildConfigurations = (
				172B1056262DC5A9002B826C /* Debug */,
				172B1057262DC5A9002B826C /* Release */,
			);
			defaultConfigurationIsVisible = 0;
			defaultConfigurationName = Release;
		};
/* End XCConfigurationList section */

/* Begin XCRemoteSwiftPackageReference section */
		172B105F262DC97F002B826C /* XCRemoteSwiftPackageReference "firebase-ios-sdk" */ = {
			isa = XCRemoteSwiftPackageReference;
			repositoryURL = "https://github.com/firebase/firebase-ios-sdk.git";
			requirement = {
				kind = upToNextMajorVersion;
				minimumVersion = 7.10.0;
			};
		};
/* End XCRemoteSwiftPackageReference section */

/* Begin XCSwiftPackageProductDependency section */
		172B1060262DC97F002B826C /* FirebaseFirestore */ = {
			isa = XCSwiftPackageProductDependency;
			package = 172B105F262DC97F002B826C /* XCRemoteSwiftPackageReference "firebase-ios-sdk" */;
			productName = FirebaseFirestore;
		};
		172B1062262DC97F002B826C /* FirebaseAppDistribution-Beta */ = {
			isa = XCSwiftPackageProductDependency;
			package = 172B105F262DC97F002B826C /* XCRemoteSwiftPackageReference "firebase-ios-sdk" */;
			productName = "FirebaseAppDistribution-Beta";
		};
		172B1064262DC97F002B826C /* FirebaseFirestoreSwift-Beta */ = {
			isa = XCSwiftPackageProductDependency;
			package = 172B105F262DC97F002B826C /* XCRemoteSwiftPackageReference "firebase-ios-sdk" */;
			productName = "FirebaseFirestoreSwift-Beta";
		};
		172B1066262DC97F002B826C /* FirebaseStorageSwift-Beta */ = {
			isa = XCSwiftPackageProductDependency;
			package = 172B105F262DC97F002B826C /* XCRemoteSwiftPackageReference "firebase-ios-sdk" */;
			productName = "FirebaseStorageSwift-Beta";
		};
		172B1068262DC97F002B826C /* FirebaseStorage */ = {
			isa = XCSwiftPackageProductDependency;
			package = 172B105F262DC97F002B826C /* XCRemoteSwiftPackageReference "firebase-ios-sdk" */;
			productName = FirebaseStorage;
		};
		172B106A262DC97F002B826C /* FirebaseAuth */ = {
			isa = XCSwiftPackageProductDependency;
			package = 172B105F262DC97F002B826C /* XCRemoteSwiftPackageReference "firebase-ios-sdk" */;
			productName = FirebaseAuth;
		};
		172B106C262DC97F002B826C /* FirebaseDynamicLinks */ = {
			isa = XCSwiftPackageProductDependency;
			package = 172B105F262DC97F002B826C /* XCRemoteSwiftPackageReference "firebase-ios-sdk" */;
			productName = FirebaseDynamicLinks;
		};
/* End XCSwiftPackageProductDependency section */
	};
	rootObject = 172B103E262DC5A8002B826C /* Project object */;
}
